PODS:
  - xDefine (1.0.6)
  - xExtension (1.1.7):
    - xDefine
  - xSegment (1.1.6):
    - xExtension

DEPENDENCIES:
  - xSegment (from `../`)

SPEC REPOS:
  https://github.com/kaibuleite/xSpecs.git:
    - xDefine
    - xExtension

EXTERNAL SOURCES:
  xSegment:
    :path: "../"

SPEC CHECKSUMS:
  xDefine: 74915e20fdc2bb56dc50e981684d532baa7200ab
  xExtension: 5ef28de4de112ec5a7ee1cce29480ea665f46b05
  xSegment: f0f3e5c299afd1ba4f4ccedb91acb43ab53e1d98

PODFILE CHECKSUM: b21fd8130d6cb03ac5e87552fae0855bd34cc32a

COCOAPODS: 1.12.1
