PODS:
  - xDefine (1.0.7)
  - xExtension (1.1.8):
    - xDefine
  - xSegment (1.1.8):
    - xExtension

DEPENDENCIES:
  - xSegment (from `../`)

SPEC REPOS:
  https://github.com/kaibuleite/xSpecs.git:
    - xDefine
    - xExtension

EXTERNAL SOURCES:
  xSegment:
    :path: "../"

SPEC CHECKSUMS:
  xDefine: e9216a8c29a4a5abce78630e311449182c79a7f3
  xExtension: 410b32f4a0377e4962082c7d1315b4b77454f7aa
  xSegment: f08713799112d6b2aa9f38e40a5a7d11c16f0001

PODFILE CHECKSUM: 95cb9f0728117791b1dc3ee9a9eae725bed13319

COCOAPODS: 1.15.2
