PODS:
  - xDefine (1.0.6)
  - xExtension (1.1.6):
    - xDefine
  - xSegment (1.0.9):
    - xExtension

DEPENDENCIES:
  - xSegment (from `../`)

SPEC REPOS:
  https://github.com/kaibuleite/xSpecs.git:
    - xDefine
    - xExtension

EXTERNAL SOURCES:
  xSegment:
    :path: "../"

SPEC CHECKSUMS:
  xDefine: 74915e20fdc2bb56dc50e981684d532baa7200ab
  xExtension: ad23e756488b0b352b253626375ec6a77459538b
  xSegment: b53e9c68110d38ebd44db35ec8b459197dcb0de3

PODFILE CHECKSUM: b21fd8130d6cb03ac5e87552fae0855bd34cc32a

COCOAPODS: 1.11.3
